{
  "lockfileVersion": 1,
  "configVersion": 0,
  "workspaces": {
    "": {
      "name": "www",
      "dependencies": {
        "@upstash/redis": "^1.35.3",
        "@vercel/analytics": "^1.5.0",
        "@vercel/speed-insights": "^1.2.0",
        "geist": "^1.3.1",
        "next": "16.1.1",
        "next-themes": "^0.4.6",
        "react": "19.2.3",
        "react-dom": "19.2.3",
        "react-use-audio-player": "^4.0.2",
      },
      "devDependencies": {
        "@biomejs/biome": "2.3.0",
        "@tailwindcss/postcss": "^4",
        "@types/node": "^20",
        "@types/react": "19.2.7",
        "@types/react-dom": "19.2.3",
        "lefthook": "^1.13.6",
        "tailwindcss": "^4",
        "typescript": "^5",
        "ultracite": "6.0.4",
      },
    },
  },
  "packages": {
    "@alloc/quick-lru": ["@alloc/quick-lru@5.2.0", "", {}, "sha512-UrcABB+4bUrFABwbluTIBErXwvbsU/V7TZWfmbgJfbkwiBuziS9gxdODUyuiecfdGQ85jglMW6juS3+z5TsKLw=="],

    "@biomejs/biome": ["@biomejs/biome@2.3.0", "", { "optionalDependencies": { "@biomejs/cli-darwin-arm64": "2.3.0", "@biomejs/cli-darwin-x64": "2.3.0", "@biomejs/cli-linux-arm64": "2.3.0", "@biomejs/cli-linux-arm64-musl": "2.3.0", "@biomejs/cli-linux-x64": "2.3.0", "@biomejs/cli-linux-x64-musl": "2.3.0", "@biomejs/cli-win32-arm64": "2.3.0", "@biomejs/cli-win32-x64": "2.3.0" }, "bin": { "biome": "bin/biome" } }, "sha512-shdUY5H3S3tJVUWoVWo5ua+GdPW5lRHf+b0IwZ4OC1o2zOKQECZ6l2KbU6t89FNhtd3Qx5eg5N7/UsQWGQbAFw=="],

    "@biomejs/cli-darwin-arm64": ["@biomejs/cli-darwin-arm64@2.3.0", "", { "os": "darwin", "cpu": "arm64" }, "sha512-3cJVT0Z5pbTkoBmbjmDZTDFYxIkRcrs9sYVJbIBHU8E6qQxgXAaBfSVjjCreG56rfDuQBr43GzwzmaHPcu4vlw=="],

    "@biomejs/cli-darwin-x64": ["@biomejs/cli-darwin-x64@2.3.0", "", { "os": "darwin", "cpu": "x64" }, "sha512-6LIkhglh3UGjuDqJXsK42qCA0XkD1Ke4K/raFOii7QQPbM8Pia7Qj2Hji4XuF2/R78hRmEx7uKJH3t/Y9UahtQ=="],

    "@biomejs/cli-linux-arm64": ["@biomejs/cli-linux-arm64@2.3.0", "", { "os": "linux", "cpu": "arm64" }, "sha512-uhAsbXySX7xsXahegDg5h3CDgfMcRsJvWLFPG0pjkylgBb9lErbK2C0UINW52zhwg0cPISB09lxHPxCau4e2xA=="],

    "@biomejs/cli-linux-arm64-musl": ["@biomejs/cli-linux-arm64-musl@2.3.0", "", { "os": "linux", "cpu": "arm64" }, "sha512-nDksoFdwZ2YrE7NiYDhtMhL2UgFn8Kb7Y0bYvnTAakHnqEdb4lKindtBc1f+xg2Snz0JQhJUYO7r9CDBosRU5w=="],

    "@biomejs/cli-linux-x64": ["@biomejs/cli-linux-x64@2.3.0", "", { "os": "linux", "cpu": "x64" }, "sha512-uxa8reA2s1VgoH8MhbGlCmMOt3JuSE1vJBifkh1ulaPiuk0SPx8cCdpnm9NWnTe2x/LfWInWx4sZ7muaXTPGGw=="],

    "@biomejs/cli-linux-x64-musl": ["@biomejs/cli-linux-x64-musl@2.3.0", "", { "os": "linux", "cpu": "x64" }, "sha512-+i9UcJwl99uAhtRQDz9jUAh+Xkb097eekxs/D9j4deWDg5/yB/jPWzISe1nBHvlzTXsdUSj0VvB4Go2DSpKIMw=="],

    "@biomejs/cli-win32-arm64": ["@biomejs/cli-win32-arm64@2.3.0", "", { "os": "win32", "cpu": "arm64" }, "sha512-ynjmsJLIKrAjC3CCnKMMhzcnNy8dbQWjKfSU5YA0mIruTxBNMbkAJp+Pr2iV7/hFou+66ZSD/WV8hmLEmhUaXA=="],

    "@biomejs/cli-win32-x64": ["@biomejs/cli-win32-x64@2.3.0", "", { "os": "win32", "cpu": "x64" }, "sha512-zOCYmCRVkWXc9v8P7OLbLlGGMxQTKMvi+5IC4v7O8DkjLCOHRzRVK/Lno2pGZNo0lzKM60pcQOhH8HVkXMQdFg=="],

    "@clack/core": ["@clack/core@0.5.0", "", { "dependencies": { "picocolors": "^1.0.0", "sisteransi": "^1.0.5" } }, "sha512-p3y0FIOwaYRUPRcMO7+dlmLh8PSRcrjuTndsiA0WAFbWES0mLZlrjVoBRZ9DzkPFJZG6KGkJmoEAY0ZcVWTkow=="],

    "@clack/prompts": ["@clack/prompts@0.11.0", "", { "dependencies": { "@clack/core": "0.5.0", "picocolors": "^1.0.0", "sisteransi": "^1.0.5" } }, "sha512-pMN5FcrEw9hUkZA4f+zLlzivQSeQf5dRGJjSUbvVYDLvpKCdQx5OaknvKzgbtXOizhP+SJJJjqEbOe55uKKfAw=="],

    "@emnapi/runtime": ["@emnapi/runtime@1.7.1", "", { "dependencies": { "tslib": "^2.4.0" } }, "sha512-PVtJr5CmLwYAU9PZDMITZoR5iAOShYREoR45EyyLrbntV50mdePTgUn4AmOw90Ifcj+x2kRjdzr1HP3RrNiHGA=="],

    "@img/colour": ["@img/colour@1.0.0", "", {}, "sha512-A5P/LfWGFSl6nsckYtjw9da+19jB8hkJ6ACTGcDfEJ0aE+l2n2El7dsVM7UVHZQ9s2lmYMWlrS21YLy2IR1LUw=="],

    "@img/sharp-darwin-arm64": ["@img/sharp-darwin-arm64@0.34.5", "", { "optionalDependencies": { "@img/sharp-libvips-darwin-arm64": "1.2.4" }, "os": "darwin", "cpu": "arm64" }, "sha512-imtQ3WMJXbMY4fxb/Ndp6HBTNVtWCUI0WdobyheGf5+ad6xX8VIDO8u2xE4qc/fr08CKG/7dDseFtn6M6g/r3w=="],

    "@img/sharp-darwin-x64": ["@img/sharp-darwin-x64@0.34.5", "", { "optionalDependencies": { "@img/sharp-libvips-darwin-x64": "1.2.4" }, "os": "darwin", "cpu": "x64" }, "sha512-YNEFAF/4KQ/PeW0N+r+aVVsoIY0/qxxikF2SWdp+NRkmMB7y9LBZAVqQ4yhGCm/H3H270OSykqmQMKLBhBJDEw=="],

    "@img/sharp-libvips-darwin-arm64": ["@img/sharp-libvips-darwin-arm64@1.2.4", "", { "os": "darwin", "cpu": "arm64" }, "sha512-zqjjo7RatFfFoP0MkQ51jfuFZBnVE2pRiaydKJ1G/rHZvnsrHAOcQALIi9sA5co5xenQdTugCvtb1cuf78Vf4g=="],

    "@img/sharp-libvips-darwin-x64": ["@img/sharp-libvips-darwin-x64@1.2.4", "", { "os": "darwin", "cpu": "x64" }, "sha512-1IOd5xfVhlGwX+zXv2N93k0yMONvUlANylbJw1eTah8K/Jtpi15KC+WSiaX/nBmbm2HxRM1gZ0nSdjSsrZbGKg=="],

    "@img/sharp-libvips-linux-arm": ["@img/sharp-libvips-linux-arm@1.2.4", "", { "os": "linux", "cpu": "arm" }, "sha512-bFI7xcKFELdiNCVov8e44Ia4u2byA+l3XtsAj+Q8tfCwO6BQ8iDojYdvoPMqsKDkuoOo+X6HZA0s0q11ANMQ8A=="],

    "@img/sharp-libvips-linux-arm64": ["@img/sharp-libvips-linux-arm64@1.2.4", "", { "os": "linux", "cpu": "arm64" }, "sha512-excjX8DfsIcJ10x1Kzr4RcWe1edC9PquDRRPx3YVCvQv+U5p7Yin2s32ftzikXojb1PIFc/9Mt28/y+iRklkrw=="],

    "@img/sharp-libvips-linux-ppc64": ["@img/sharp-libvips-linux-ppc64@1.2.4", "", { "os": "linux", "cpu": "ppc64" }, "sha512-FMuvGijLDYG6lW+b/UvyilUWu5Ayu+3r2d1S8notiGCIyYU/76eig1UfMmkZ7vwgOrzKzlQbFSuQfgm7GYUPpA=="],

    "@img/sharp-libvips-linux-riscv64": ["@img/sharp-libvips-linux-riscv64@1.2.4", "", { "os": "linux", "cpu": "none" }, "sha512-oVDbcR4zUC0ce82teubSm+x6ETixtKZBh/qbREIOcI3cULzDyb18Sr/Wcyx7NRQeQzOiHTNbZFF1UwPS2scyGA=="],

    "@img/sharp-libvips-linux-s390x": ["@img/sharp-libvips-linux-s390x@1.2.4", "", { "os": "linux", "cpu": "s390x" }, "sha512-qmp9VrzgPgMoGZyPvrQHqk02uyjA0/QrTO26Tqk6l4ZV0MPWIW6LTkqOIov+J1yEu7MbFQaDpwdwJKhbJvuRxQ=="],

    "@img/sharp-libvips-linux-x64": ["@img/sharp-libvips-linux-x64@1.2.4", "", { "os": "linux", "cpu": "x64" }, "sha512-tJxiiLsmHc9Ax1bz3oaOYBURTXGIRDODBqhveVHonrHJ9/+k89qbLl0bcJns+e4t4rvaNBxaEZsFtSfAdquPrw=="],

    "@img/sharp-libvips-linuxmusl-arm64": ["@img/sharp-libvips-linuxmusl-arm64@1.2.4", "", { "os": "linux", "cpu": "arm64" }, "sha512-FVQHuwx1IIuNow9QAbYUzJ+En8KcVm9Lk5+uGUQJHaZmMECZmOlix9HnH7n1TRkXMS0pGxIJokIVB9SuqZGGXw=="],

    "@img/sharp-libvips-linuxmusl-x64": ["@img/sharp-libvips-linuxmusl-x64@1.2.4", "", { "os": "linux", "cpu": "x64" }, "sha512-+LpyBk7L44ZIXwz/VYfglaX/okxezESc6UxDSoyo2Ks6Jxc4Y7sGjpgU9s4PMgqgjj1gZCylTieNamqA1MF7Dg=="],

    "@img/sharp-linux-arm": ["@img/sharp-linux-arm@0.34.5", "", { "optionalDependencies": { "@img/sharp-libvips-linux-arm": "1.2.4" }, "os": "linux", "cpu": "arm" }, "sha512-9dLqsvwtg1uuXBGZKsxem9595+ujv0sJ6Vi8wcTANSFpwV/GONat5eCkzQo/1O6zRIkh0m/8+5BjrRr7jDUSZw=="],

    "@img/sharp-linux-arm64": ["@img/sharp-linux-arm64@0.34.5", "", { "optionalDependencies": { "@img/sharp-libvips-linux-arm64": "1.2.4" }, "os": "linux", "cpu": "arm64" }, "sha512-bKQzaJRY/bkPOXyKx5EVup7qkaojECG6NLYswgktOZjaXecSAeCWiZwwiFf3/Y+O1HrauiE3FVsGxFg8c24rZg=="],

    "@img/sharp-linux-ppc64": ["@img/sharp-linux-ppc64@0.34.5", "", { "optionalDependencies": { "@img/sharp-libvips-linux-ppc64": "1.2.4" }, "os": "linux", "cpu": "ppc64" }, "sha512-7zznwNaqW6YtsfrGGDA6BRkISKAAE1Jo0QdpNYXNMHu2+0dTrPflTLNkpc8l7MUP5M16ZJcUvysVWWrMefZquA=="],

    "@img/sharp-linux-riscv64": ["@img/sharp-linux-riscv64@0.34.5", "", { "optionalDependencies": { "@img/sharp-libvips-linux-riscv64": "1.2.4" }, "os": "linux", "cpu": "none" }, "sha512-51gJuLPTKa7piYPaVs8GmByo7/U7/7TZOq+cnXJIHZKavIRHAP77e3N2HEl3dgiqdD/w0yUfiJnII77PuDDFdw=="],

    "@img/sharp-linux-s390x": ["@img/sharp-linux-s390x@0.34.5", "", { "optionalDependencies": { "@img/sharp-libvips-linux-s390x": "1.2.4" }, "os": "linux", "cpu": "s390x" }, "sha512-nQtCk0PdKfho3eC5MrbQoigJ2gd1CgddUMkabUj+rBevs8tZ2cULOx46E7oyX+04WGfABgIwmMC0VqieTiR4jg=="],

    "@img/sharp-linux-x64": ["@img/sharp-linux-x64@0.34.5", "", { "optionalDependencies": { "@img/sharp-libvips-linux-x64": "1.2.4" }, "os": "linux", "cpu": "x64" }, "sha512-MEzd8HPKxVxVenwAa+JRPwEC7QFjoPWuS5NZnBt6B3pu7EG2Ge0id1oLHZpPJdn3OQK+BQDiw9zStiHBTJQQQQ=="],

    "@img/sharp-linuxmusl-arm64": ["@img/sharp-linuxmusl-arm64@0.34.5", "", { "optionalDependencies": { "@img/sharp-libvips-linuxmusl-arm64": "1.2.4" }, "os": "linux", "cpu": "arm64" }, "sha512-fprJR6GtRsMt6Kyfq44IsChVZeGN97gTD331weR1ex1c1rypDEABN6Tm2xa1wE6lYb5DdEnk03NZPqA7Id21yg=="],

    "@img/sharp-linuxmusl-x64": ["@img/sharp-linuxmusl-x64@0.34.5", "", { "optionalDependencies": { "@img/sharp-libvips-linuxmusl-x64": "1.2.4" }, "os": "linux", "cpu": "x64" }, "sha512-Jg8wNT1MUzIvhBFxViqrEhWDGzqymo3sV7z7ZsaWbZNDLXRJZoRGrjulp60YYtV4wfY8VIKcWidjojlLcWrd8Q=="],

    "@img/sharp-wasm32": ["@img/sharp-wasm32@0.34.5", "", { "dependencies": { "@emnapi/runtime": "^1.7.0" }, "cpu": "none" }, "sha512-OdWTEiVkY2PHwqkbBI8frFxQQFekHaSSkUIJkwzclWZe64O1X4UlUjqqqLaPbUpMOQk6FBu/HtlGXNblIs0huw=="],

    "@img/sharp-win32-arm64": ["@img/sharp-win32-arm64@0.34.5", "", { "os": "win32", "cpu": "arm64" }, "sha512-WQ3AgWCWYSb2yt+IG8mnC6Jdk9Whs7O0gxphblsLvdhSpSTtmu69ZG1Gkb6NuvxsNACwiPV6cNSZNzt0KPsw7g=="],

    "@img/sharp-win32-ia32": ["@img/sharp-win32-ia32@0.34.5", "", { "os": "win32", "cpu": "ia32" }, "sha512-FV9m/7NmeCmSHDD5j4+4pNI8Cp3aW+JvLoXcTUo0IqyjSfAZJ8dIUmijx1qaJsIiU+Hosw6xM5KijAWRJCSgNg=="],

    "@img/sharp-win32-x64": ["@img/sharp-win32-x64@0.34.5", "", { "os": "win32", "cpu": "x64" }, "sha512-+29YMsqY2/9eFEiW93eqWnuLcWcufowXewwSNIT6UwZdUUCrM3oFjMWH/Z6/TMmb4hlFenmfAVbpWeup2jryCw=="],

    "@next/env": ["@next/env@16.1.1", "", {}, "sha512-3oxyM97Sr2PqiVyMyrZUtrtM3jqqFxOQJVuKclDsgj/L728iZt/GyslkN4NwarledZATCenbk4Offjk1hQmaAA=="],

    "@next/swc-darwin-arm64": ["@next/swc-darwin-arm64@16.1.1", "", { "os": "darwin", "cpu": "arm64" }, "sha512-JS3m42ifsVSJjSTzh27nW+Igfha3NdBOFScr9C80hHGrWx55pTrVL23RJbqir7k7/15SKlrLHhh/MQzqBBYrQA=="],

    "@next/swc-darwin-x64": ["@next/swc-darwin-x64@16.1.1", "", { "os": "darwin", "cpu": "x64" }, "sha512-hbyKtrDGUkgkyQi1m1IyD3q4I/3m9ngr+V93z4oKHrPcmxwNL5iMWORvLSGAf2YujL+6HxgVvZuCYZfLfb4bGw=="],

    "@next/swc-linux-arm64-gnu": ["@next/swc-linux-arm64-gnu@16.1.1", "", { "os": "linux", "cpu": "arm64" }, "sha512-/fvHet+EYckFvRLQ0jPHJCUI5/B56+2DpI1xDSvi80r/3Ez+Eaa2Yq4tJcRTaB1kqj/HrYKn8Yplm9bNoMJpwQ=="],

    "@next/swc-linux-arm64-musl": ["@next/swc-linux-arm64-musl@16.1.1", "", { "os": "linux", "cpu": "arm64" }, "sha512-MFHrgL4TXNQbBPzkKKur4Fb5ICEJa87HM7fczFs2+HWblM7mMLdco3dvyTI+QmLBU9xgns/EeeINSZD6Ar+oLg=="],

    "@next/swc-linux-x64-gnu": ["@next/swc-linux-x64-gnu@16.1.1", "", { "os": "linux", "cpu": "x64" }, "sha512-20bYDfgOQAPUkkKBnyP9PTuHiJGM7HzNBbuqmD0jiFVZ0aOldz+VnJhbxzjcSabYsnNjMPsE0cyzEudpYxsrUQ=="],

    "@next/swc-linux-x64-musl": ["@next/swc-linux-x64-musl@16.1.1", "", { "os": "linux", "cpu": "x64" }, "sha512-9pRbK3M4asAHQRkwaXwu601oPZHghuSC8IXNENgbBSyImHv/zY4K5udBusgdHkvJ/Tcr96jJwQYOll0qU8+fPA=="],

    "@next/swc-win32-arm64-msvc": ["@next/swc-win32-arm64-msvc@16.1.1", "", { "os": "win32", "cpu": "arm64" }, "sha512-bdfQkggaLgnmYrFkSQfsHfOhk/mCYmjnrbRCGgkMcoOBZ4n+TRRSLmT/CU5SATzlBJ9TpioUyBW/vWFXTqQRiA=="],

    "@next/swc-win32-x64-msvc": ["@next/swc-win32-x64-msvc@16.1.1", "", { "os": "win32", "cpu": "x64" }, "sha512-Ncwbw2WJ57Al5OX0k4chM68DKhEPlrXBaSXDCi2kPi5f4d8b3ejr3RRJGfKBLrn2YJL5ezNS7w2TZLHSti8CMw=="],

    "@swc/helpers": ["@swc/helpers@0.5.15", "", { "dependencies": { "tslib": "^2.8.0" } }, "sha512-JQ5TuMi45Owi4/BIMAJBoSQoOJu12oOk/gADqlcUL9JEdHB8vyjUSsxqeNXnmXHjYKMi2WcYtezGEEhqUI/E2g=="],

    "@tailwindcss/node": ["@tailwindcss/node@4.0.15", "", { "dependencies": { "enhanced-resolve": "^5.18.1", "jiti": "^2.4.2", "tailwindcss": "4.0.15" } }, "sha512-IODaJjNmiasfZX3IoS+4Em3iu0fD2HS0/tgrnkYfW4hyUor01Smnr5eY3jc4rRgaTDrJlDmBTHbFO0ETTDaxWA=="],

    "@tailwindcss/oxide": ["@tailwindcss/oxide@4.0.15", "", { "optionalDependencies": { "@tailwindcss/oxide-android-arm64": "4.0.15", "@tailwindcss/oxide-darwin-arm64": "4.0.15", "@tailwindcss/oxide-darwin-x64": "4.0.15", "@tailwindcss/oxide-freebsd-x64": "4.0.15", "@tailwindcss/oxide-linux-arm-gnueabihf": "4.0.15", "@tailwindcss/oxide-linux-arm64-gnu": "4.0.15", "@tailwindcss/oxide-linux-arm64-musl": "4.0.15", "@tailwindcss/oxide-linux-x64-gnu": "4.0.15", "@tailwindcss/oxide-linux-x64-musl": "4.0.15", "@tailwindcss/oxide-win32-arm64-msvc": "4.0.15", "@tailwindcss/oxide-win32-x64-msvc": "4.0.15" } }, "sha512-e0uHrKfPu7JJGMfjwVNyt5M0u+OP8kUmhACwIRlM+JNBuReDVQ63yAD1NWe5DwJtdaHjugNBil76j+ks3zlk6g=="],

    "@tailwindcss/oxide-android-arm64": ["@tailwindcss/oxide-android-arm64@4.0.15", "", { "os": "android", "cpu": "arm64" }, "sha512-EBuyfSKkom7N+CB3A+7c0m4+qzKuiN0WCvzPvj5ZoRu4NlQadg/mthc1tl5k9b5ffRGsbDvP4k21azU4VwVk3Q=="],

    "@tailwindcss/oxide-darwin-arm64": ["@tailwindcss/oxide-darwin-arm64@4.0.15", "", { "os": "darwin", "cpu": "arm64" }, "sha512-ObVAnEpLepMhV9VoO0JSit66jiN5C4YCqW3TflsE9boo2Z7FIjV80RFbgeL2opBhtxbaNEDa6D0/hq/EP03kgQ=="],

    "@tailwindcss/oxide-darwin-x64": ["@tailwindcss/oxide-darwin-x64@4.0.15", "", { "os": "darwin", "cpu": "x64" }, "sha512-IElwoFhUinOr9MyKmGTPNi1Rwdh68JReFgYWibPWTGuevkHkLWKEflZc2jtI5lWZ5U9JjUnUfnY43I4fEXrc4g=="],

    "@tailwindcss/oxide-freebsd-x64": ["@tailwindcss/oxide-freebsd-x64@4.0.15", "", { "os": "freebsd", "cpu": "x64" }, "sha512-6BLLqyx7SIYRBOnTZ8wgfXANLJV5TQd3PevRJZp0vn42eO58A2LykRKdvL1qyPfdpmEVtF+uVOEZ4QTMqDRAWA=="],

    "@tailwindcss/oxide-linux-arm-gnueabihf": ["@tailwindcss/oxide-linux-arm-gnueabihf@4.0.15", "", { "os": "linux", "cpu": "arm" }, "sha512-Zy63EVqO9241Pfg6G0IlRIWyY5vNcWrL5dd2WAKVJZRQVeolXEf1KfjkyeAAlErDj72cnyXObEZjMoPEKHpdNw=="],

    "@tailwindcss/oxide-linux-arm64-gnu": ["@tailwindcss/oxide-linux-arm64-gnu@4.0.15", "", { "os": "linux", "cpu": "arm64" }, "sha512-2NemGQeaTbtIp1Z2wyerbVEJZTkAWhMDOhhR5z/zJ75yMNf8yLnE+sAlyf6yGDNr+1RqvWrRhhCFt7i0CIxe4Q=="],

    "@tailwindcss/oxide-linux-arm64-musl": ["@tailwindcss/oxide-linux-arm64-musl@4.0.15", "", { "os": "linux", "cpu": "arm64" }, "sha512-342GVnhH/6PkVgKtEzvNVuQ4D+Q7B7qplvuH20Cfz9qEtydG6IQczTZ5IT4JPlh931MG1NUCVxg+CIorr1WJyw=="],

    "@tailwindcss/oxide-linux-x64-gnu": ["@tailwindcss/oxide-linux-x64-gnu@4.0.15", "", { "os": "linux", "cpu": "x64" }, "sha512-g76GxlKH124RuGqacCEFc2nbzRl7bBrlC8qDQMiUABkiifDRHOIUjgKbLNG4RuR9hQAD/MKsqZ7A8L08zsoBrw=="],

    "@tailwindcss/oxide-linux-x64-musl": ["@tailwindcss/oxide-linux-x64-musl@4.0.15", "", { "os": "linux", "cpu": "x64" }, "sha512-Gg/Y1XrKEvKpq6WeNt2h8rMIKOBj/W3mNa5NMvkQgMC7iO0+UNLrYmt6zgZufht66HozNpn+tJMbbkZ5a3LczA=="],

    "@tailwindcss/oxide-win32-arm64-msvc": ["@tailwindcss/oxide-win32-arm64-msvc@4.0.15", "", { "os": "win32", "cpu": "arm64" }, "sha512-7QtSSJwYZ7ZK1phVgcNZpuf7c7gaCj8Wb0xjliligT5qCGCp79OV2n3SJummVZdw4fbTNKUOYMO7m1GinppZyA=="],

    "@tailwindcss/oxide-win32-x64-msvc": ["@tailwindcss/oxide-win32-x64-msvc@4.0.15", "", { "os": "win32", "cpu": "x64" }, "sha512-JQ5H+5MLhOjpgNp6KomouE0ZuKmk3hO5h7/ClMNAQ8gZI2zkli3IH8ZqLbd2DVfXDbdxN2xvooIEeIlkIoSCqw=="],

    "@tailwindcss/postcss": ["@tailwindcss/postcss@4.0.15", "", { "dependencies": { "@alloc/quick-lru": "^5.2.0", "@tailwindcss/node": "4.0.15", "@tailwindcss/oxide": "4.0.15", "lightningcss": "1.29.2", "postcss": "^8.4.41", "tailwindcss": "4.0.15" } }, "sha512-qyrpoDKIO7wzkRbKCvGLo7gXRjT9/Njf7ZJiJhG4njrfZkvOhjwnaHpYbpxYeDysEg+9pB1R4jcd+vQ7ZUDsmQ=="],

    "@trpc/server": ["@trpc/server@11.6.0", "", { "peerDependencies": { "typescript": ">=5.7.2" } }, "sha512-skTso0AWbOZck40jwNeYv++AMZXNWLUWdyk+pB5iVaYmEKTuEeMoPrEudR12VafbEU6tZa8HK3QhBfTYYHDCdg=="],

    "@types/node": ["@types/node@20.17.26", "", { "dependencies": { "undici-types": "~6.19.2" } }, "sha512-x9T6TLS76RIBGB0X81k+9697cNZel+f/v+BR8gzKNqISC3MhHHWoHY6XIEDY0E8psIJmCEMXqxjw7Np1u/mysA=="],

    "@types/react": ["@types/react@19.2.7", "", { "dependencies": { "csstype": "^3.2.2" } }, "sha512-MWtvHrGZLFttgeEj28VXHxpmwYbor/ATPYbBfSFZEIRK0ecCFLl2Qo55z52Hss+UV9CRN7trSeq1zbgx7YDWWg=="],

    "@types/react-dom": ["@types/react-dom@19.2.3", "", { "peerDependencies": { "@types/react": "^19.2.0" } }, "sha512-jp2L/eY6fn+KgVVQAOqYItbF0VY/YApe5Mz2F0aykSO8gx31bYCZyvSeYxCHKvzHG5eZjc+zyaS5BrBWya2+kQ=="],

    "@upstash/redis": ["@upstash/redis@1.35.3", "", { "dependencies": { "uncrypto": "^0.1.3" } }, "sha512-hSjv66NOuahW3MisRGlSgoszU2uONAY2l5Qo3Sae8OT3/Tng9K+2/cBRuyPBX8egwEGcNNCF9+r0V6grNnhL+w=="],

    "@vercel/analytics": ["@vercel/analytics@1.5.0", "", { "peerDependencies": { "@remix-run/react": "^2", "@sveltejs/kit": "^1 || ^2", "next": ">= 13", "react": "^18 || ^19 || ^19.0.0-rc", "svelte": ">= 4", "vue": "^3", "vue-router": "^4" }, "optionalPeers": ["@remix-run/react", "@sveltejs/kit", "next", "react", "svelte", "vue", "vue-router"] }, "sha512-MYsBzfPki4gthY5HnYN7jgInhAZ7Ac1cYDoRWFomwGHWEX7odTEzbtg9kf/QSo7XEsEAqlQugA6gJ2WS2DEa3g=="],

    "@vercel/speed-insights": ["@vercel/speed-insights@1.2.0", "", { "peerDependencies": { "@sveltejs/kit": "^1 || ^2", "next": ">= 13", "react": "^18 || ^19 || ^19.0.0-rc", "svelte": ">= 4", "vue": "^3", "vue-router": "^4" }, "optionalPeers": ["@sveltejs/kit", "next", "react", "svelte", "vue", "vue-router"] }, "sha512-y9GVzrUJ2xmgtQlzFP2KhVRoCglwfRQgjyfY607aU0hh0Un6d0OUyrJkjuAlsV18qR4zfoFPs/BiIj9YDS6Wzw=="],

    "baseline-browser-mapping": ["baseline-browser-mapping@2.9.11", "", { "bin": { "baseline-browser-mapping": "dist/cli.js" } }, "sha512-Sg0xJUNDU1sJNGdfGWhVHX0kkZ+HWcvmVymJbj6NSgZZmW/8S9Y2HQ5euytnIgakgxN6papOAWiwDo1ctFDcoQ=="],

    "caniuse-lite": ["caniuse-lite@1.0.30001707", "", {}, "sha512-3qtRjw/HQSMlDWf+X79N206fepf4SOOU6SQLMaq/0KkZLmSjPxAkBOQQ+FxbHKfHmYLZFfdWsO3KA90ceHPSnw=="],

    "citty": ["citty@0.1.6", "", { "dependencies": { "consola": "^3.2.3" } }, "sha512-tskPPKEs8D2KPafUypv2gxwJP8h/OaJmC82QQGGDQcHvXX43xF2VDACcJVmZ0EuSxkpO9Kc4MlrA3q0+FG58AQ=="],

    "client-only": ["client-only@0.0.1", "", {}, "sha512-IV3Ou0jSMzZrd3pZ48nLkT9DA7Ag1pnPzaiQhpW7c3RbcqqzvzzVu+L8gfqMp/8IM2MQtSiqaCxrrcfu8I8rMA=="],

    "commander": ["commander@14.0.1", "", {}, "sha512-2JkV3gUZUVrbNA+1sjBOYLsMZ5cEEl8GTFP2a4AVz5hvasAMCQ1D2l2le/cX+pV4N6ZU17zjUahLpIXRrnWL8A=="],

    "confbox": ["confbox@0.2.2", "", {}, "sha512-1NB+BKqhtNipMsov4xI/NnhCKp9XG9NamYp5PVm9klAT0fsrNPjaFICsCFhNhwZJKNh7zB/3q8qXz0E9oaMNtQ=="],

    "consola": ["consola@3.4.2", "", {}, "sha512-5IKcdX0nnYavi6G7TtOhwkYzyjfJlatbjMjuLSfE2kYT5pMDOilZ4OvMhi637CcDICTmz3wARPoyhqyX1Y+XvA=="],

    "csstype": ["csstype@3.2.3", "", {}, "sha512-z1HGKcYy2xA8AGQfwrn0PAy+PB7X/GSj3UVJW9qKyn43xWa+gl5nXmU4qqLMRzWVLFC8KusUX8T/0kCiOYpAIQ=="],

    "deepmerge": ["deepmerge@4.3.1", "", {}, "sha512-3sUqbMEc77XqpdNO7FRyRog+eW3ph+GYCbj+rK+uYyRMuwsVy0rMiVtPn+QJlKFvWP/1PYpapqYn0Me2knFn+A=="],

    "detect-libc": ["detect-libc@2.0.3", "", {}, "sha512-bwy0MGW55bG41VqxxypOsdSdGqLwXPI/focwgTYCFMbdUiBAxLg9CFzG08sz2aqzknwiX7Hkl0bQENjg8iLByw=="],

    "enhanced-resolve": ["enhanced-resolve@5.18.1", "", { "dependencies": { "graceful-fs": "^4.2.4", "tapable": "^2.2.0" } }, "sha512-ZSW3ma5GkcQBIpwZTSRAI8N71Uuwgs93IezB7mf7R60tC8ZbJideoDNKjHn2O9KIlx6rkGTTEk1xUCK2E1Y2Yg=="],

    "exsolve": ["exsolve@1.0.7", "", {}, "sha512-VO5fQUzZtI6C+vx4w/4BWJpg3s/5l+6pRQEHzFRM8WFi4XffSP1Z+4qi7GbjWbvRQEbdIco5mIMq+zX4rPuLrw=="],

    "geist": ["geist@1.3.1", "", { "peerDependencies": { "next": ">=13.2.0" } }, "sha512-Q4gC1pBVPN+D579pBaz0TRRnGA4p9UK6elDY/xizXdFk/g4EKR5g0I+4p/Kj6gM0SajDBZ/0FvDV9ey9ud7BWw=="],

    "graceful-fs": ["graceful-fs@4.2.11", "", {}, "sha512-RbJ5/jmFcNNCcDV5o9eTnBLJ/HszWV0P73bc+Ff4nS/rJj+YaS6IGyiOL0VoBYX+l1Wrl3k63h/KrH+nhJ0XvQ=="],

    "howler": ["howler@2.2.4", "", {}, "sha512-iARIBPgcQrwtEr+tALF+rapJ8qSc+Set2GJQl7xT1MQzWaVkFebdJhR3alVlSiUf5U7nAANKuj3aWpwerocD5w=="],

    "jiti": ["jiti@2.4.2", "", { "bin": { "jiti": "lib/jiti-cli.mjs" } }, "sha512-rg9zJN+G4n2nfJl5MW3BMygZX56zKPNVEYYqq7adpmMh4Jn2QNEwhvQlFy6jPVdcod7txZtKHWnyZiA3a0zP7A=="],

    "jsonc-parser": ["jsonc-parser@3.3.1", "", {}, "sha512-HUgH65KyejrUFPvHFPbqOY0rsFip3Bo5wb4ngvdi1EpCYWUQDC5V+Y7mZws+DLkr4M//zQJoanu1SP+87Dv1oQ=="],

    "lefthook": ["lefthook@1.13.6", "", { "optionalDependencies": { "lefthook-darwin-arm64": "1.13.6", "lefthook-darwin-x64": "1.13.6", "lefthook-freebsd-arm64": "1.13.6", "lefthook-freebsd-x64": "1.13.6", "lefthook-linux-arm64": "1.13.6", "lefthook-linux-x64": "1.13.6", "lefthook-openbsd-arm64": "1.13.6", "lefthook-openbsd-x64": "1.13.6", "lefthook-windows-arm64": "1.13.6", "lefthook-windows-x64": "1.13.6" }, "bin": { "lefthook": "bin/index.js" } }, "sha512-ojj4/4IJ29Xn4drd5emqVgilegAPN3Kf0FQM2p/9+lwSTpU+SZ1v4Ig++NF+9MOa99UKY8bElmVrLhnUUNFh5g=="],

    "lefthook-darwin-arm64": ["lefthook-darwin-arm64@1.13.6", "", { "os": "darwin", "cpu": "arm64" }, "sha512-m6Lb77VGc84/Qo21Lhq576pEvcgFCnvloEiP02HbAHcIXD0RTLy9u2yAInrixqZeaz13HYtdDaI7OBYAAdVt8A=="],

    "lefthook-darwin-x64": ["lefthook-darwin-x64@1.13.6", "", { "os": "darwin", "cpu": "x64" }, "sha512-CoRpdzanu9RK3oXR1vbEJA5LN7iB+c7hP+sONeQJzoOXuq4PNKVtEaN84Gl1BrVtCNLHWFAvCQaZPPiiXSy8qg=="],

    "lefthook-freebsd-arm64": ["lefthook-freebsd-arm64@1.13.6", "", { "os": "freebsd", "cpu": "arm64" }, "sha512-X4A7yfvAJ68CoHTqP+XvQzdKbyd935sYy0bQT6Ajz7FL1g7hFiro8dqHSdPdkwei9hs8hXeV7feyTXbYmfjKQQ=="],

    "lefthook-freebsd-x64": ["lefthook-freebsd-x64@1.13.6", "", { "os": "freebsd", "cpu": "x64" }, "sha512-ai2m+Sj2kGdY46USfBrCqLKe9GYhzeq01nuyDYCrdGISePeZ6udOlD1k3lQKJGQCHb0bRz4St0r5nKDSh1x/2A=="],

    "lefthook-linux-arm64": ["lefthook-linux-arm64@1.13.6", "", { "os": "linux", "cpu": "arm64" }, "sha512-cbo4Wtdq81GTABvikLORJsAWPKAJXE8Q5RXsICFUVznh5PHigS9dFW/4NXywo0+jfFPCT6SYds2zz4tCx6DA0Q=="],

    "lefthook-linux-x64": ["lefthook-linux-x64@1.13.6", "", { "os": "linux", "cpu": "x64" }, "sha512-uJl9vjCIIBTBvMZkemxCE+3zrZHlRO7Oc+nZJ+o9Oea3fu+W82jwX7a7clw8jqNfaeBS+8+ZEQgiMHWCloTsGw=="],

    "lefthook-openbsd-arm64": ["lefthook-openbsd-arm64@1.13.6", "", { "os": "openbsd", "cpu": "arm64" }, "sha512-7r153dxrNRQ9ytRs2PmGKKkYdvZYFPre7My7XToSTiRu5jNCq++++eAKVkoyWPduk97dGIA+YWiEr5Noe0TK2A=="],

    "lefthook-openbsd-x64": ["lefthook-openbsd-x64@1.13.6", "", { "os": "openbsd", "cpu": "x64" }, "sha512-Z+UhLlcg1xrXOidK3aLLpgH7KrwNyWYE3yb7ITYnzJSEV8qXnePtVu8lvMBHs/myzemjBzeIr/U/+ipjclR06g=="],

    "lefthook-windows-arm64": ["lefthook-windows-arm64@1.13.6", "", { "os": "win32", "cpu": "arm64" }, "sha512-Uxef6qoDxCmUNQwk8eBvddYJKSBFglfwAY9Y9+NnnmiHpWTjjYiObE9gT2mvGVpEgZRJVAatBXc+Ha5oDD/OgQ=="],

    "lefthook-windows-x64": ["lefthook-windows-x64@1.13.6", "", { "os": "win32", "cpu": "x64" }, "sha512-mOZoM3FQh3o08M8PQ/b3IYuL5oo36D9ehczIw1dAgp1Ly+Tr4fJ96A+4SEJrQuYeRD4mex9bR7Ps56I73sBSZA=="],

    "lightningcss": ["lightningcss@1.29.2", "", { "dependencies": { "detect-libc": "^2.0.3" }, "optionalDependencies": { "lightningcss-darwin-arm64": "1.29.2", "lightningcss-darwin-x64": "1.29.2", "lightningcss-freebsd-x64": "1.29.2", "lightningcss-linux-arm-gnueabihf": "1.29.2", "lightningcss-linux-arm64-gnu": "1.29.2", "lightningcss-linux-arm64-musl": "1.29.2", "lightningcss-linux-x64-gnu": "1.29.2", "lightningcss-linux-x64-musl": "1.29.2", "lightningcss-win32-arm64-msvc": "1.29.2", "lightningcss-win32-x64-msvc": "1.29.2" } }, "sha512-6b6gd/RUXKaw5keVdSEtqFVdzWnU5jMxTUjA2bVcMNPLwSQ08Sv/UodBVtETLCn7k4S1Ibxwh7k68IwLZPgKaA=="],

    "lightningcss-darwin-arm64": ["lightningcss-darwin-arm64@1.29.2", "", { "os": "darwin", "cpu": "arm64" }, "sha512-cK/eMabSViKn/PG8U/a7aCorpeKLMlK0bQeNHmdb7qUnBkNPnL+oV5DjJUo0kqWsJUapZsM4jCfYItbqBDvlcA=="],

    "lightningcss-darwin-x64": ["lightningcss-darwin-x64@1.29.2", "", { "os": "darwin", "cpu": "x64" }, "sha512-j5qYxamyQw4kDXX5hnnCKMf3mLlHvG44f24Qyi2965/Ycz829MYqjrVg2H8BidybHBp9kom4D7DR5VqCKDXS0w=="],

    "lightningcss-freebsd-x64": ["lightningcss-freebsd-x64@1.29.2", "", { "os": "freebsd", "cpu": "x64" }, "sha512-wDk7M2tM78Ii8ek9YjnY8MjV5f5JN2qNVO+/0BAGZRvXKtQrBC4/cn4ssQIpKIPP44YXw6gFdpUF+Ps+RGsCwg=="],

    "lightningcss-linux-arm-gnueabihf": ["lightningcss-linux-arm-gnueabihf@1.29.2", "", { "os": "linux", "cpu": "arm" }, "sha512-IRUrOrAF2Z+KExdExe3Rz7NSTuuJ2HvCGlMKoquK5pjvo2JY4Rybr+NrKnq0U0hZnx5AnGsuFHjGnNT14w26sg=="],

    "lightningcss-linux-arm64-gnu": ["lightningcss-linux-arm64-gnu@1.29.2", "", { "os": "linux", "cpu": "arm64" }, "sha512-KKCpOlmhdjvUTX/mBuaKemp0oeDIBBLFiU5Fnqxh1/DZ4JPZi4evEH7TKoSBFOSOV3J7iEmmBaw/8dpiUvRKlQ=="],

    "lightningcss-linux-arm64-musl": ["lightningcss-linux-arm64-musl@1.29.2", "", { "os": "linux", "cpu": "arm64" }, "sha512-Q64eM1bPlOOUgxFmoPUefqzY1yV3ctFPE6d/Vt7WzLW4rKTv7MyYNky+FWxRpLkNASTnKQUaiMJ87zNODIrrKQ=="],

    "lightningcss-linux-x64-gnu": ["lightningcss-linux-x64-gnu@1.29.2", "", { "os": "linux", "cpu": "x64" }, "sha512-0v6idDCPG6epLXtBH/RPkHvYx74CVziHo6TMYga8O2EiQApnUPZsbR9nFNrg2cgBzk1AYqEd95TlrsL7nYABQg=="],

    "lightningcss-linux-x64-musl": ["lightningcss-linux-x64-musl@1.29.2", "", { "os": "linux", "cpu": "x64" }, "sha512-rMpz2yawkgGT8RULc5S4WiZopVMOFWjiItBT7aSfDX4NQav6M44rhn5hjtkKzB+wMTRlLLqxkeYEtQ3dd9696w=="],

    "lightningcss-win32-arm64-msvc": ["lightningcss-win32-arm64-msvc@1.29.2", "", { "os": "win32", "cpu": "arm64" }, "sha512-nL7zRW6evGQqYVu/bKGK+zShyz8OVzsCotFgc7judbt6wnB2KbiKKJwBE4SGoDBQ1O94RjW4asrCjQL4i8Fhbw=="],

    "lightningcss-win32-x64-msvc": ["lightningcss-win32-x64-msvc@1.29.2", "", { "os": "win32", "cpu": "x64" }, "sha512-EdIUW3B2vLuHmv7urfzMI/h2fmlnOQBk1xlsDxkN1tCWKjNFjfLhGxYk8C8mzpSfr+A6jFFIi8fU6LbQGsRWjA=="],

    "nanoid": ["nanoid@3.3.11", "", { "bin": { "nanoid": "bin/nanoid.cjs" } }, "sha512-N8SpfPUnUp1bK+PMYW8qSWdl9U+wwNWI4QKxOYDy9JAro3WMX7p2OeVRF9v+347pnakNevPmiHhNmZ2HbFA76w=="],

    "next": ["next@16.1.1", "", { "dependencies": { "@next/env": "16.1.1", "@swc/helpers": "0.5.15", "baseline-browser-mapping": "^2.8.3", "caniuse-lite": "^1.0.30001579", "postcss": "8.4.31", "styled-jsx": "5.1.6" }, "optionalDependencies": { "@next/swc-darwin-arm64": "16.1.1", "@next/swc-darwin-x64": "16.1.1", "@next/swc-linux-arm64-gnu": "16.1.1", "@next/swc-linux-arm64-musl": "16.1.1", "@next/swc-linux-x64-gnu": "16.1.1", "@next/swc-linux-x64-musl": "16.1.1", "@next/swc-win32-arm64-msvc": "16.1.1", "@next/swc-win32-x64-msvc": "16.1.1", "sharp": "^0.34.4" }, "peerDependencies": { "@opentelemetry/api": "^1.1.0", "@playwright/test": "^1.51.1", "babel-plugin-react-compiler": "*", "react": "^18.2.0 || 19.0.0-rc-de68d2f4-20241204 || ^19.0.0", "react-dom": "^18.2.0 || 19.0.0-rc-de68d2f4-20241204 || ^19.0.0", "sass": "^1.3.0" }, "optionalPeers": ["@opentelemetry/api", "@playwright/test", "babel-plugin-react-compiler", "sass"], "bin": { "next": "dist/bin/next" } }, "sha512-QI+T7xrxt1pF6SQ/JYFz95ro/mg/1Znk5vBebsWwbpejj1T0A23hO7GYEaVac9QUOT2BIMiuzm0L99ooq7k0/w=="],

    "next-themes": ["next-themes@0.4.6", "", { "peerDependencies": { "react": "^16.8 || ^17 || ^18 || ^19 || ^19.0.0-rc", "react-dom": "^16.8 || ^17 || ^18 || ^19 || ^19.0.0-rc" } }, "sha512-pZvgD5L0IEvX5/9GWyHMf3m8BKiVQwsCMHfoFosXtXBMnaS0ZnIJ9ST4b4NqLVKDEm8QBxoNNGNaBv2JNF6XNA=="],

    "nypm": ["nypm@0.6.2", "", { "dependencies": { "citty": "^0.1.6", "consola": "^3.4.2", "pathe": "^2.0.3", "pkg-types": "^2.3.0", "tinyexec": "^1.0.1" }, "bin": { "nypm": "dist/cli.mjs" } }, "sha512-7eM+hpOtrKrBDCh7Ypu2lJ9Z7PNZBdi/8AT3AX8xoCj43BBVHD0hPSTEvMtkMpfs8FCqBGhxB+uToIQimA111g=="],

    "pathe": ["pathe@2.0.3", "", {}, "sha512-WUjGcAqP1gQacoQe+OBJsFA7Ld4DyXuUIjZ5cc75cLHvJ7dtNsTugphxIADwspS+AraAUePCKrSVtPLFj/F88w=="],

    "picocolors": ["picocolors@1.1.1", "", {}, "sha512-xceH2snhtb5M9liqDsmEw56le376mTZkEX/jEb/RxNFyegNul7eNslCXP9FDj/Lcu0X8KEyMceP2ntpaHrDEVA=="],

    "pkg-types": ["pkg-types@2.3.0", "", { "dependencies": { "confbox": "^0.2.2", "exsolve": "^1.0.7", "pathe": "^2.0.3" } }, "sha512-SIqCzDRg0s9npO5XQ3tNZioRY1uK06lA41ynBC1YmFTmnY6FjUjVt6s4LoADmwoig1qqD0oK8h1p/8mlMx8Oig=="],

    "postcss": ["postcss@8.5.3", "", { "dependencies": { "nanoid": "^3.3.8", "picocolors": "^1.1.1", "source-map-js": "^1.2.1" } }, "sha512-dle9A3yYxlBSrt8Fu+IpjGT8SY8hN0mlaA6GY8t0P5PjIOZemULz/E2Bnm/2dcUOena75OTNkHI76uZBNUUq3A=="],

    "react": ["react@19.2.3", "", {}, "sha512-Ku/hhYbVjOQnXDZFv2+RibmLFGwFdeeKHFcOTlrt7xplBnya5OGn/hIRDsqDiSUcfORsDC7MPxwork8jBwsIWA=="],

    "react-dom": ["react-dom@19.2.3", "", { "dependencies": { "scheduler": "^0.27.0" }, "peerDependencies": { "react": "^19.2.3" } }, "sha512-yELu4WmLPw5Mr/lmeEpox5rw3RETacE++JgHqQzd2dg+YbJuat3jH4ingc+WPZhxaoFzdv9y33G+F7Nl5O0GBg=="],

    "react-use-audio-player": ["react-use-audio-player@4.0.2", "", { "dependencies": { "howler": "^2.2.3" }, "peerDependencies": { "react": ">=18.0.0" } }, "sha512-qOgcQUAcRJ6skFeAFMPaAv1ZTXQG3zHBHjvHaaTZkGMlAqga9xiVJ826CbtxTXRsqrxexZ61puzeaPhDrJR6SQ=="],

    "scheduler": ["scheduler@0.27.0", "", {}, "sha512-eNv+WrVbKu1f3vbYJT/xtiF5syA5HPIMtf9IgY/nKg0sWqzAUEvqY/xm7OcZc/qafLx/iO9FgOmeSAp4v5ti/Q=="],

    "semver": ["semver@7.7.3", "", { "bin": { "semver": "bin/semver.js" } }, "sha512-SdsKMrI9TdgjdweUSR9MweHA4EJ8YxHn8DFaDisvhVlUOe4BF1tLD7GAj0lIqWVl+dPb/rExr0Btby5loQm20Q=="],

    "sharp": ["sharp@0.34.5", "", { "dependencies": { "@img/colour": "^1.0.0", "detect-libc": "^2.1.2", "semver": "^7.7.3" }, "optionalDependencies": { "@img/sharp-darwin-arm64": "0.34.5", "@img/sharp-darwin-x64": "0.34.5", "@img/sharp-libvips-darwin-arm64": "1.2.4", "@img/sharp-libvips-darwin-x64": "1.2.4", "@img/sharp-libvips-linux-arm": "1.2.4", "@img/sharp-libvips-linux-arm64": "1.2.4", "@img/sharp-libvips-linux-ppc64": "1.2.4", "@img/sharp-libvips-linux-riscv64": "1.2.4", "@img/sharp-libvips-linux-s390x": "1.2.4", "@img/sharp-libvips-linux-x64": "1.2.4", "@img/sharp-libvips-linuxmusl-arm64": "1.2.4", "@img/sharp-libvips-linuxmusl-x64": "1.2.4", "@img/sharp-linux-arm": "0.34.5", "@img/sharp-linux-arm64": "0.34.5", "@img/sharp-linux-ppc64": "0.34.5", "@img/sharp-linux-riscv64": "0.34.5", "@img/sharp-linux-s390x": "0.34.5", "@img/sharp-linux-x64": "0.34.5", "@img/sharp-linuxmusl-arm64": "0.34.5", "@img/sharp-linuxmusl-x64": "0.34.5", "@img/sharp-wasm32": "0.34.5", "@img/sharp-win32-arm64": "0.34.5", "@img/sharp-win32-ia32": "0.34.5", "@img/sharp-win32-x64": "0.34.5" } }, "sha512-Ou9I5Ft9WNcCbXrU9cMgPBcCK8LiwLqcbywW3t4oDV37n1pzpuNLsYiAV8eODnjbtQlSDwZ2cUEeQz4E54Hltg=="],

    "sisteransi": ["sisteransi@1.0.5", "", {}, "sha512-bLGGlR1QxBcynn2d5YmDX4MGjlZvy2MRBDRNHLJ8VI6l6+9FUiyTFNJ0IveOSP0bcXgVDPRcfGqA0pjaqUpfVg=="],

    "source-map-js": ["source-map-js@1.2.1", "", {}, "sha512-UXWMKhLOwVKb728IUtQPXxfYU+usdybtUrK/8uGE8CQMvrhOpwvzDBwj0QhSL7MQc7vIsISBG8VQ8+IDQxpfQA=="],

    "styled-jsx": ["styled-jsx@5.1.6", "", { "dependencies": { "client-only": "0.0.1" }, "peerDependencies": { "react": ">= 16.8.0 || 17.x.x || ^18.0.0-0 || ^19.0.0-0" } }, "sha512-qSVyDTeMotdvQYoHWLNGwRFJHC+i+ZvdBRYosOFgC+Wg1vx4frN2/RG/NA7SYqqvKNLf39P2LSRA2pu6n0XYZA=="],

    "tailwindcss": ["tailwindcss@4.0.15", "", {}, "sha512-6ZMg+hHdMJpjpeCCFasX7K+U615U9D+7k5/cDK/iRwl6GptF24+I/AbKgOnXhVKePzrEyIXutLv36n4cRsq3Sg=="],

    "tapable": ["tapable@2.2.1", "", {}, "sha512-GNzQvQTOIP6RyTfE2Qxb8ZVlNmw0n88vp1szwWRimP02mnTsx3Wtn5qRdqY9w2XduFNUgvOwhNnQsjwCp+kqaQ=="],

    "tinyexec": ["tinyexec@1.0.1", "", {}, "sha512-5uC6DDlmeqiOwCPmK9jMSdOuZTh8bU39Ys6yidB+UTt5hfZUPGAypSgFRiEp+jbi9qH40BLDvy85jIU88wKSqw=="],

    "trpc-cli": ["trpc-cli@0.12.1", "", { "dependencies": { "commander": "^14.0.0" }, "peerDependencies": { "@orpc/server": "^1.0.0", "@trpc/server": "^10.45.2 || ^11.0.1", "@valibot/to-json-schema": "^1.1.0", "effect": "^3.14.2 || ^4.0.0", "valibot": "^1.1.0", "zod": "^3.24.0 || ^4.0.0" }, "optionalPeers": ["@orpc/server", "@trpc/server", "@valibot/to-json-schema", "effect", "valibot", "zod"], "bin": { "trpc-cli": "dist/bin.js" } }, "sha512-/D/mIQf3tUrS7ZKJZ1gmSPJn2psAABJfkC5Eevm55SZ4s6KwANOUNlwhAGXN9HT4VSJVfoF2jettevE9vHPQlg=="],

    "tslib": ["tslib@2.8.1", "", {}, "sha512-oJFu94HQb+KVduSUQL7wnpmqnfmLsOA/nAh6b6EH0wCEoK0/mPeXU6c3wKDV83MkOuHPRHtSXKKU99IBazS/2w=="],

    "typescript": ["typescript@5.8.2", "", { "bin": { "tsc": "bin/tsc", "tsserver": "bin/tsserver" } }, "sha512-aJn6wq13/afZp/jT9QZmwEjDqqvSGp1VT5GVg+f/t6/oVyrgXM6BY1h9BRh/O5p3PlUPAe+WuiEZOmb/49RqoQ=="],

    "ultracite": ["ultracite@6.0.4", "", { "dependencies": { "@clack/prompts": "^0.11.0", "@trpc/server": "^11.6.0", "deepmerge": "^4.3.1", "jsonc-parser": "^3.3.1", "nypm": "^0.6.2", "trpc-cli": "^0.12.0", "zod": "^4.1.12" }, "bin": { "ultracite": "dist/index.js" } }, "sha512-wpf6iPsZrzJBVVvcVwCDjeKpGomjqByxCAkJ+/OUxZzKqdi5KpLd9QynUrKIJkh7/QGJdR7xMSY+TB1c5vMJ5Q=="],

    "uncrypto": ["uncrypto@0.1.3", "", {}, "sha512-Ql87qFHB3s/De2ClA9e0gsnS6zXG27SkTiSJwjCc9MebbfapQfuPzumMIUMi38ezPZVNFcHI9sUIepeQfw8J8Q=="],

    "undici-types": ["undici-types@6.19.8", "", {}, "sha512-ve2KP6f/JnbPBFyobGHuerC9g1FYGn/F8n1LWTwNxCEzd6IfqTwUQcNXgEtmmQ6DlRrC1hrSrBnCZPokRrDHjw=="],

    "zod": ["zod@4.1.12", "", {}, "sha512-JInaHOamG8pt5+Ey8kGmdcAcg3OL9reK8ltczgHTAwNhMys/6ThXHityHxVV2p3fkw/c+MAvBHFVYHFZDmjMCQ=="],

    "next/postcss": ["postcss@8.4.31", "", { "dependencies": { "nanoid": "^3.3.6", "picocolors": "^1.0.0", "source-map-js": "^1.0.2" } }, "sha512-PS08Iboia9mts/2ygV3eLpY5ghnUcfLV/EXTOW1E2qYxJKGGBUtNjN76FYHnMs36RmARn41bC0AZmn+rR0OVpQ=="],

    "sharp/detect-libc": ["detect-libc@2.1.2", "", {}, "sha512-Btj2BOOO83o3WyH59e8MgXsxEQVcarkUOpEYrubB0urwnN10yQ364rsiByU11nZlqWYZm05i/of7io4mzihBtQ=="],
  }
}
